
Microsoft Visual Studio Solution File, Format Version 12.00
# Visual Studio Version 17
VisualStudioVersion = 17.14.37012.4 d17.14
MinimumVisualStudioVersion = 10.0.40219.1
Project("{FAE04EC0-301F-11D3-BF4B-00C04F79EFBC}") = "Assignment_6", "Assignment_6.csproj", "{81243191-339A-413D-BD7B-9F3916806832}"
EndProject
Global
	GlobalSection(SolutionConfigurationPlatforms) = preSolution
		Debug|Any CPU = Debug|Any CPU
		Release|Any CPU = Release|Any CPU
	EndGlobalSection
	GlobalSection(ProjectConfigurationPlatforms) = postSolution
		{81243191-339A-413D-BD7B-9F3916806832}.Debug|Any CPU.ActiveCfg = Debug|Any CPU
		{81243191-339A-413D-BD7B-9F3916806832}.Debug|Any CPU.Build.0 = Debug|Any CPU
		{81243191-339A-413D-BD7B-9F3916806832}.Release|Any CPU.ActiveCfg = Release|Any CPU
		{81243191-339A-413D-BD7B-9F3916806832}.Release|Any CPU.Build.0 = Release|Any CPU
	EndGlobalSection
	GlobalSection(SolutionProperties) = preSolution
		HideSolutionNode = FALSE
	EndGlobalSection
	GlobalSection(ExtensibilityGlobals) = postSolution
		SolutionGuid = {1B7ED813-40E3-4FA6-ACBD-7E430B02C1E4}
	EndGlobalSection
EndGlobal
